
Microsoft Visual Studio Solution File, Format Version 12.00
# Visual Studio Version 17
VisualStudioVersion = 17.9.34728.123
MinimumVisualStudioVersion = 10.0.40219.1
Project("{FAE04EC0-301F-11D3-BF4B-00C04F79EFBC}") = "MobileTrackerClient", "MobileTrackerClient.csproj", "{AF2BB713-A2BE-41DA-B505-62373763E32F}"
EndProject
Global
	GlobalSection(SolutionConfigurationPlatforms) = preSolution
		Debug|Any CPU = Debug|Any CPU
		Release|Any CPU = Release|Any CPU
	EndGlobalSection
	GlobalSection(ProjectConfigurationPlatforms) = postSolution
		{AF2BB713-A2BE-41DA-B505-62373763E32F}.Debug|Any CPU.ActiveCfg = Debug|Any CPU
		{AF2BB713-A2BE-41DA-B505-62373763E32F}.Debug|Any CPU.Build.0 = Debug|Any CPU
		{AF2BB713-A2BE-41DA-B505-62373763E32F}.Debug|Any CPU.Deploy.0 = Debug|Any CPU
		{AF2BB713-A2BE-41DA-B505-62373763E32F}.Release|Any CPU.ActiveCfg = Release|Any CPU
		{AF2BB713-A2BE-41DA-B505-62373763E32F}.Release|Any CPU.Build.0 = Release|Any CPU
		{AF2BB713-A2BE-41DA-B505-62373763E32F}.Release|Any CPU.Deploy.0 = Release|Any CPU
	EndGlobalSection
	GlobalSection(SolutionProperties) = preSolution
		HideSolutionNode = FALSE
	EndGlobalSection
	GlobalSection(ExtensibilityGlobals) = postSolution
		SolutionGuid = {E230D6F8-1610-4726-A18A-0C0339B797D5}
	EndGlobalSection
EndGlobal
